
Microsoft Visual Studio Solution File, Format Version 12.00
# Visual Studio Version 16
VisualStudioVersion = 16.0.28803.352
MinimumVisualStudioVersion = 10.0.40219.1
Project("{FAE04EC0-301F-11D3-BF4B-00C04F79EFBC}") = "ProyectoFinanciamiento", "ProyectoFinanciamiento\ProyectoFinanciamiento.csproj", "{E934CD46-151C-40D4-AD16-D251322AEE65}"
EndProject
Project("{FAE04EC0-301F-11D3-BF4B-00C04F79EFBC}") = "Entity", "Entity\Entity.csproj", "{86FDC1E6-4668-4006-B423-E6AE4D3337A0}"
EndProject
Project("{FAE04EC0-301F-11D3-BF4B-00C04F79EFBC}") = "Data", "Data\Data.csproj", "{D223B2B6-374C-469F-AEAB-EEEFF0C4853B}"
EndProject
Project("{FAE04EC0-301F-11D3-BF4B-00C04F79EFBC}") = "Business", "Business\Business.csproj", "{4AFF9E24-B2E5-4F23-9822-194660896C12}"
EndProject
Project("{FAE04EC0-301F-11D3-BF4B-00C04F79EFBC}") = "test001", "test001\test001.csproj", "{90AF097E-6E87-49D4-B9E9-1DA0EC0EF687}"
EndProject
Global
	GlobalSection(SolutionConfigurationPlatforms) = preSolution
		Debug|Any CPU = Debug|Any CPU
		Release|Any CPU = Release|Any CPU
	EndGlobalSection
	GlobalSection(ProjectConfigurationPlatforms) = postSolution
		{E934CD46-151C-40D4-AD16-D251322AEE65}.Debug|Any CPU.ActiveCfg = Debug|Any CPU
		{E934CD46-151C-40D4-AD16-D251322AEE65}.Debug|Any CPU.Build.0 = Debug|Any CPU
		{E934CD46-151C-40D4-AD16-D251322AEE65}.Release|Any CPU.ActiveCfg = Release|Any CPU
		{E934CD46-151C-40D4-AD16-D251322AEE65}.Release|Any CPU.Build.0 = Release|Any CPU
		{86FDC1E6-4668-4006-B423-E6AE4D3337A0}.Debug|Any CPU.ActiveCfg = Debug|Any CPU
		{86FDC1E6-4668-4006-B423-E6AE4D3337A0}.Debug|Any CPU.Build.0 = Debug|Any CPU
		{86FDC1E6-4668-4006-B423-E6AE4D3337A0}.Release|Any CPU.ActiveCfg = Release|Any CPU
		{86FDC1E6-4668-4006-B423-E6AE4D3337A0}.Release|Any CPU.Build.0 = Release|Any CPU
		{D223B2B6-374C-469F-AEAB-EEEFF0C4853B}.Debug|Any CPU.ActiveCfg = Debug|Any CPU
		{D223B2B6-374C-469F-AEAB-EEEFF0C4853B}.Debug|Any CPU.Build.0 = Debug|Any CPU
		{D223B2B6-374C-469F-AEAB-EEEFF0C4853B}.Release|Any CPU.ActiveCfg = Release|Any CPU
		{D223B2B6-374C-469F-AEAB-EEEFF0C4853B}.Release|Any CPU.Build.0 = Release|Any CPU
		{4AFF9E24-B2E5-4F23-9822-194660896C12}.Debug|Any CPU.ActiveCfg = Debug|Any CPU
		{4AFF9E24-B2E5-4F23-9822-194660896C12}.Debug|Any CPU.Build.0 = Debug|Any CPU
		{4AFF9E24-B2E5-4F23-9822-194660896C12}.Release|Any CPU.ActiveCfg = Release|Any CPU
		{4AFF9E24-B2E5-4F23-9822-194660896C12}.Release|Any CPU.Build.0 = Release|Any CPU
		{90AF097E-6E87-49D4-B9E9-1DA0EC0EF687}.Debug|Any CPU.ActiveCfg = Debug|Any CPU
		{90AF097E-6E87-49D4-B9E9-1DA0EC0EF687}.Debug|Any CPU.Build.0 = Debug|Any CPU
		{90AF097E-6E87-49D4-B9E9-1DA0EC0EF687}.Release|Any CPU.ActiveCfg = Release|Any CPU
		{90AF097E-6E87-49D4-B9E9-1DA0EC0EF687}.Release|Any CPU.Build.0 = Release|Any CPU
	EndGlobalSection
	GlobalSection(SolutionProperties) = preSolution
		HideSolutionNode = FALSE
	EndGlobalSection
	GlobalSection(ExtensibilityGlobals) = postSolution
		SolutionGuid = {C46FD636-E053-4A56-9BEA-2B2A0AD8871E}
	EndGlobalSection
EndGlobal
