
Microsoft Visual Studio Solution File, Format Version 12.00
# Visual Studio Version 16
VisualStudioVersion = 16.0.28803.352
MinimumVisualStudioVersion = 10.0.40219.1
Project("{FAE04EC0-301F-11D3-BF4B-00C04F79EFBC}") = "Entity", "Entity\Entity.csproj", "{0E33667D-5237-429C-A2B5-24C2FB496A7F}"
EndProject
Project("{FAE04EC0-301F-11D3-BF4B-00C04F79EFBC}") = "Data", "Data\Data.csproj", "{52E232AA-819B-447E-A0E2-F14F69DDED52}"
EndProject
Project("{FAE04EC0-301F-11D3-BF4B-00C04F79EFBC}") = "Business", "Business\Business.csproj", "{DBB5AFC1-10AD-466F-9F03-D1DE6189E6F3}"
EndProject
Project("{FAE04EC0-301F-11D3-BF4B-00C04F79EFBC}") = "WebFinanciamiento", "..\WebFinanciamiento\WebFinanciamiento\WebFinanciamiento.csproj", "{D99B76E8-5F1F-4973-8784-C8A88EF67351}"
EndProject
Global
	GlobalSection(SolutionConfigurationPlatforms) = preSolution
		Debug|Any CPU = Debug|Any CPU
		Release|Any CPU = Release|Any CPU
	EndGlobalSection
	GlobalSection(ProjectConfigurationPlatforms) = postSolution
		{0E33667D-5237-429C-A2B5-24C2FB496A7F}.Debug|Any CPU.ActiveCfg = Debug|Any CPU
		{0E33667D-5237-429C-A2B5-24C2FB496A7F}.Debug|Any CPU.Build.0 = Debug|Any CPU
		{0E33667D-5237-429C-A2B5-24C2FB496A7F}.Release|Any CPU.ActiveCfg = Release|Any CPU
		{0E33667D-5237-429C-A2B5-24C2FB496A7F}.Release|Any CPU.Build.0 = Release|Any CPU
		{52E232AA-819B-447E-A0E2-F14F69DDED52}.Debug|Any CPU.ActiveCfg = Debug|Any CPU
		{52E232AA-819B-447E-A0E2-F14F69DDED52}.Debug|Any CPU.Build.0 = Debug|Any CPU
		{52E232AA-819B-447E-A0E2-F14F69DDED52}.Release|Any CPU.ActiveCfg = Release|Any CPU
		{52E232AA-819B-447E-A0E2-F14F69DDED52}.Release|Any CPU.Build.0 = Release|Any CPU
		{DBB5AFC1-10AD-466F-9F03-D1DE6189E6F3}.Debug|Any CPU.ActiveCfg = Debug|Any CPU
		{DBB5AFC1-10AD-466F-9F03-D1DE6189E6F3}.Debug|Any CPU.Build.0 = Debug|Any CPU
		{DBB5AFC1-10AD-466F-9F03-D1DE6189E6F3}.Release|Any CPU.ActiveCfg = Release|Any CPU
		{DBB5AFC1-10AD-466F-9F03-D1DE6189E6F3}.Release|Any CPU.Build.0 = Release|Any CPU
		{D99B76E8-5F1F-4973-8784-C8A88EF67351}.Debug|Any CPU.ActiveCfg = Debug|Any CPU
		{D99B76E8-5F1F-4973-8784-C8A88EF67351}.Debug|Any CPU.Build.0 = Debug|Any CPU
		{D99B76E8-5F1F-4973-8784-C8A88EF67351}.Release|Any CPU.ActiveCfg = Release|Any CPU
		{D99B76E8-5F1F-4973-8784-C8A88EF67351}.Release|Any CPU.Build.0 = Release|Any CPU
	EndGlobalSection
	GlobalSection(SolutionProperties) = preSolution
		HideSolutionNode = FALSE
	EndGlobalSection
	GlobalSection(ExtensibilityGlobals) = postSolution
		SolutionGuid = {C00E8DC0-0DD6-433B-802D-FD03F5508F2F}
	EndGlobalSection
EndGlobal
